<?xml version="1.0" encoding="utf-8"?>
<Project ToolsVersion="4.0" xmlns="http://schemas.microsoft.com/developer/msbuild/2003">
  <ItemGroup>
    <ClCompile Include="CLcad.cpp" />
    <ClCompile Include="CLmapTB.cpp" />
    <ClCompile Include="CLservCustomer.cpp" />
    <ClCompile Include="CLservPeople.cpp" />
    <ClCompile Include="CLservStaff.cpp" />
    <ClCompile Include="CreatePeopleForm.cpp" />
    <ClCompile Include="MainForm.cpp" />
    <ClCompile Include="PeopleForm.cpp" />
    <ClCompile Include="ModifyPeopleForm.cpp" />
  </ItemGroup>
  <ItemGroup>
    <ClInclude Include="CLcad.h" />
    <ClInclude Include="CLmapTB.h" />
    <ClInclude Include="CLservCustomer.h" />
    <ClInclude Include="CLservPeople.h" />
    <ClInclude Include="CLservStaff.h" />
    <ClInclude Include="CreatePeopleForm.h" />
    <ClInclude Include="MainForm.h" />
    <ClInclude Include="PeopleForm.h" />
    <ClInclude Include="ModifyPeopleForm.h" />
  </ItemGroup>
</Project>